{
    "name": "gemini-live-test",
    "version": "1.0.0",
    "lockfileVersion": 3,
    "requires": true,
    "packages": {
        "": {
            "name": "gemini-live-test",
            "version": "1.0.0",
            "dependencies": {
                "dotenv": "^16.6.1",
                "lucide-static": "^1.53.0",
                "ws": "^8.18.3"
            },
            "devDependencies": {
                "@playwright/test": "^1.64.0"
            },
            "engines": {
                "node": ">=20"
            }
        },
        "node_modules/@playwright/test": {
            "version": "1.64.0",
            "resolved": "https://registry.npmjs.org/@playwright/test/-/test-1.64.0.tgz",
            "integrity": "sha512-oTN9FNYuN6bqQMwiho6jJKLCG2/QOYCixGXuCjRmzOq23eODeukuY2XiAVoVpAECbuezMt1MHQjAiQxK8F+Y+g==",
            "dev": true,
            "license": "Apache-2.0",
            "dependencies": {
                "playwright": "1.64.0"
            },
            "bin": {
                "playwright": "cli.js"
            },
            "engines": {
                "node": ">=20"
            }
        },
        "node_modules/dotenv": {
            "version": "16.6.1",
            "resolved": "https://registry.npmjs.org/dotenv/-/dotenv-16.6.1.tgz",
            "integrity": "sha512-uBq4egWHTcTt33a72vpSG0z3HnPuIl6NqYcTrKEg2azoEyl2hpW0zqlxysq2pK9HlDIHyHyakeYaYnSAwd8bow==",
            "license": "BSD-2-Clause",
            "engines": {
                "node": ">=12"
            },
            "funding": {
                "url": "https://dotenvx.com"
            }
        },
        "node_modules/lucide-static": {
            "version": "1.53.0",
            "resolved": "https://registry.npmjs.org/lucide-static/-/lucide-static-1.53.0.tgz",
            "integrity": "sha512-xddbAP/qViJOeURl46uiTwmX6hn79PcaHW4xDQcM/bCiO1wd1eYE6hIVXr1dko14aK5HAadZNmAqaEWusc8q1A==",
            "license": "ISC"
        },
        "node_modules/playwright": {
            "version": "1.64.0",
            "resolved": "https://registry.npmjs.org/playwright/-/playwright-1.64.0.tgz",
            "integrity": "sha512-kVzTnYFYEyQ9RGzBjNCd2+yEqWmVbxl3AHPynv3qQ6JTjv4a+kwRcnqQwIpuP3NnrnIrE/Q6wWAIAvMfIE2/Yg==",
            "dev": true,
            "license": "Apache-2.0",
            "dependencies": {
                "playwright-core": "1.64.0"
            },
            "bin": {
                "playwright": "cli.js"
            },
            "engines": {
                "node": ">=20"
            }
        },
        "node_modules/playwright-core": {
            "version": "1.64.0",
            "resolved": "https://registry.npmjs.org/playwright-core/-/playwright-core-1.64.0.tgz",
            "integrity": "sha512-T9r+MZkTECl2+oUcZ26YgZzTrYidTsIhYYkJix+6iDOymOb1FB2RLLSOxRGnZGv5DStt+aduIVbt+E8WygXYpg==",
            "dev": true,
            "license": "Apache-2.0",
            "bin": {
                "playwright-core": "cli.js"
            },
            "engines": {
                "node": ">=20"
            }
        },
        "node_modules/ws": {
            "version": "8.22.0",
            "resolved": "https://registry.npmjs.org/ws/-/ws-8.22.0.tgz",
            "integrity": "sha512-Ydggc987+RO0AnWtZ/7Wq9FtNvcrL1b/RO0ud9mWjUPgDrsAAwQSF51sm2hm1XofbU/4jkpGEsLFsZZxU+1DOg==",
            "license": "MIT",
            "engines": {
                "node": ">=10.0.0"
            },
            "peerDependencies": {
                "bufferutil": "^4.0.1",
                "utf-8-validate": ">=5.0.2"
            },
            "peerDependenciesMeta": {
                "bufferutil": {
                    "optional": true
                },
                "utf-8-validate": {
                    "optional": true
                }
            }
        }
    }
}
